// !$*UTF8*$!
{
	archiveVersion = 1;
	classes = {
	};
	objectVersion = 46;
	objects = {

/* Begin PBXBuildFile section */
		C9828657188A7BD90041949F /* Foundation.framework in Frameworks */ = {isa = PBXBuildFile; fileRef = C9828656188A7BD90041949F /* Foundation.framework */; };
		C9828659188A7BD90041949F /* CoreGraphics.framework in Frameworks */ = {isa = PBXBuildFile; fileRef = C9828658188A7BD90041949F /* CoreGraphics.framework */; };
		C982865B188A7BD90041949F /* UIKit.framework in Frameworks */ = {isa = PBXBuildFile; fileRef = C982865A188A7BD90041949F /* UIKit.framework */; };
		C982865D188A7BD90041949F /* SpriteKit.framework in Frameworks */ = {isa = PBXBuildFile; fileRef = C982865C188A7BD90041949F /* SpriteKit.framework */; };
		C9828663188A7BD90041949F /* InfoPlist.strings in Resources */ = {isa = PBXBuildFile; fileRef = C9828661188A7BD90041949F /* InfoPlist.strings */; };
		C9828665188A7BD90041949F /* main.m in Sources */ = {isa = PBXBuildFile; fileRef = C9828664188A7BD90041949F /* main.m */; };
		C9828669188A7BD90041949F /* DWAppDelegate.m in Sources */ = {isa = PBXBuildFile; fileRef = C9828668188A7BD90041949F /* DWAppDelegate.m */; };
		C982866C188A7BD90041949F /* Main_iPhone.storyboard in Resources */ = {isa = PBXBuildFile; fileRef = C982866A188A7BD90041949F /* Main_iPhone.storyboard */; };
		C982866F188A7BD90041949F /* Main_iPad.storyboard in Resources */ = {isa = PBXBuildFile; fileRef = C982866D188A7BD90041949F /* Main_iPad.storyboard */; };
		C9828672188A7BD90041949F /* DWViewController.m in Sources */ = {isa = PBXBuildFile; fileRef = C9828671188A7BD90041949F /* DWViewController.m */; };
		C9828675188A7BD90041949F /* DWLoadingScene.m in Sources */ = {isa = PBXBuildFile; fileRef = C9828674188A7BD90041949F /* DWLoadingScene.m */; };
		C9828679188A7BD90041949F /* Images.xcassets in Resources */ = {isa = PBXBuildFile; fileRef = C9828678188A7BD90041949F /* Images.xcassets */; };
		C9828680188A7BD90041949F /* XCTest.framework in Frameworks */ = {isa = PBXBuildFile; fileRef = C982867F188A7BD90041949F /* XCTest.framework */; };
		C9828681188A7BD90041949F /* Foundation.framework in Frameworks */ = {isa = PBXBuildFile; fileRef = C9828656188A7BD90041949F /* Foundation.framework */; };
		C9828682188A7BD90041949F /* UIKit.framework in Frameworks */ = {isa = PBXBuildFile; fileRef = C982865A188A7BD90041949F /* UIKit.framework */; };
		C982868A188A7BD90041949F /* InfoPlist.strings in Resources */ = {isa = PBXBuildFile; fileRef = C9828688188A7BD90041949F /* InfoPlist.strings */; };
		C982868C188A7BD90041949F /* EscapeTests.m in Sources */ = {isa = PBXBuildFile; fileRef = C982868B188A7BD90041949F /* EscapeTests.m */; };
		C982869C188A7CAF0041949F /* role_doctor@2x.png in Resources */ = {isa = PBXBuildFile; fileRef = C982869B188A7CAF0041949F /* role_doctor@2x.png */; };
		C982869E188A7CD20041949F /* role_alien_1@2x.png in Resources */ = {isa = PBXBuildFile; fileRef = C982869D188A7CD20041949F /* role_alien_1@2x.png */; };
		C98286A2188A7D9A0041949F /* role_alien_2@2x.png in Resources */ = {isa = PBXBuildFile; fileRef = C98286A1188A7D9A0041949F /* role_alien_2@2x.png */; };
		D0A65CFE188CDB3100D5AC8D /* TileMapParser.m in Sources */ = {isa = PBXBuildFile; fileRef = D0A65CFD188CDB3100D5AC8D /* TileMapParser.m */; };
		D0A65CFF188CDB3100D5AC8D /* TileMapParser.m in Sources */ = {isa = PBXBuildFile; fileRef = D0A65CFD188CDB3100D5AC8D /* TileMapParser.m */; };
		D0A65D1B188D051100D5AC8D /* XCTest.framework in Frameworks */ = {isa = PBXBuildFile; fileRef = C982867F188A7BD90041949F /* XCTest.framework */; };
		D0A65D1C188D051100D5AC8D /* Foundation.framework in Frameworks */ = {isa = PBXBuildFile; fileRef = C9828656188A7BD90041949F /* Foundation.framework */; };
		D0A65D1D188D051100D5AC8D /* UIKit.framework in Frameworks */ = {isa = PBXBuildFile; fileRef = C982865A188A7BD90041949F /* UIKit.framework */; };
		D0A65D23188D051200D5AC8D /* InfoPlist.strings in Resources */ = {isa = PBXBuildFile; fileRef = D0A65D21188D051200D5AC8D /* InfoPlist.strings */; };
		D0A65D25188D051200D5AC8D /* Mapload_Tests.m in Sources */ = {isa = PBXBuildFile; fileRef = D0A65D24188D051200D5AC8D /* Mapload_Tests.m */; };
		D0A65D2E188D51FF00D5AC8D /* test.tmx in Resources */ = {isa = PBXBuildFile; fileRef = D0EE9B7A188BD99F00A72AE8 /* test.tmx */; };
		D0A65D2F188D521B00D5AC8D /* testtile.png in Resources */ = {isa = PBXBuildFile; fileRef = D0EE9B7C188BD99F00A72AE8 /* testtile.png */; };
		D0EE9B7D188BD99F00A72AE8 /* test.tmx in Resources */ = {isa = PBXBuildFile; fileRef = D0EE9B7A188BD99F00A72AE8 /* test.tmx */; };
		D0EE9B7E188BD99F00A72AE8 /* test.tmx in Resources */ = {isa = PBXBuildFile; fileRef = D0EE9B7A188BD99F00A72AE8 /* test.tmx */; };
		D0EE9B7F188BD99F00A72AE8 /* testtile.png in Resources */ = {isa = PBXBuildFile; fileRef = D0EE9B7C188BD99F00A72AE8 /* testtile.png */; };
		D0EE9B80188BD99F00A72AE8 /* testtile.png in Resources */ = {isa = PBXBuildFile; fileRef = D0EE9B7C188BD99F00A72AE8 /* testtile.png */; };
		D0EE9B87188C021100A72AE8 /* TiledMap.m in Sources */ = {isa = PBXBuildFile; fileRef = D0EE9B86188C021100A72AE8 /* TiledMap.m */; };
		D0EE9B88188C021100A72AE8 /* TiledMap.m in Sources */ = {isa = PBXBuildFile; fileRef = D0EE9B86188C021100A72AE8 /* TiledMap.m */; };
/* End PBXBuildFile section */

/* Begin PBXContainerItemProxy section */
		C9828683188A7BD90041949F /* PBXContainerItemProxy */ = {
			isa = PBXContainerItemProxy;
			containerPortal = C982864B188A7BD90041949F /* Project object */;
			proxyType = 1;
			remoteGlobalIDString = C9828652188A7BD90041949F;
			remoteInfo = Escape;
		};
		D0A65D27188D051200D5AC8D /* PBXContainerItemProxy */ = {
			isa = PBXContainerItemProxy;
			containerPortal = C982864B188A7BD90041949F /* Project object */;
			proxyType = 1;
			remoteGlobalIDString = C9828652188A7BD90041949F;
			remoteInfo = Escape;
		};
/* End PBXContainerItemProxy section */

/* Begin PBXFileReference section */
		C9828653188A7BD90041949F /* Escape.app */ = {isa = PBXFileReference; explicitFileType = wrapper.application; includeInIndex = 0; path = Escape.app; sourceTree = BUILT_PRODUCTS_DIR; };
		C9828656188A7BD90041949F /* Foundation.framework */ = {isa = PBXFileReference; lastKnownFileType = wrapper.framework; name = Foundation.framework; path = System/Library/Frameworks/Foundation.framework; sourceTree = SDKROOT; };
		C9828658188A7BD90041949F /* CoreGraphics.framework */ = {isa = PBXFileReference; lastKnownFileType = wrapper.framework; name = CoreGraphics.framework; path = System/Library/Frameworks/CoreGraphics.framework; sourceTree = SDKROOT; };
		C982865A188A7BD90041949F /* UIKit.framework */ = {isa = PBXFileReference; lastKnownFileType = wrapper.framework; name = UIKit.framework; path = System/Library/Frameworks/UIKit.framework; sourceTree = SDKROOT; };
		C982865C188A7BD90041949F /* SpriteKit.framework */ = {isa = PBXFileReference; lastKnownFileType = wrapper.framework; name = SpriteKit.framework; path = System/Library/Frameworks/SpriteKit.framework; sourceTree = SDKROOT; };
		C9828660188A7BD90041949F /* Escape-Info.plist */ = {isa = PBXFileReference; lastKnownFileType = text.plist.xml; path = "Escape-Info.plist"; sourceTree = "<group>"; };
		C9828662188A7BD90041949F /* en */ = {isa = PBXFileReference; lastKnownFileType = text.plist.strings; name = en; path = en.lproj/InfoPlist.strings; sourceTree = "<group>"; };
		C9828664188A7BD90041949F /* main.m */ = {isa = PBXFileReference; lastKnownFileType = sourcecode.c.objc; path = main.m; sourceTree = "<group>"; };
		C9828666188A7BD90041949F /* Escape-Prefix.pch */ = {isa = PBXFileReference; lastKnownFileType = sourcecode.c.h; path = "Escape-Prefix.pch"; sourceTree = "<group>"; };
		C9828667188A7BD90041949F /* DWAppDelegate.h */ = {isa = PBXFileReference; lastKnownFileType = sourcecode.c.h; path = DWAppDelegate.h; sourceTree = "<group>"; };
		C9828668188A7BD90041949F /* DWAppDelegate.m */ = {isa = PBXFileReference; lastKnownFileType = sourcecode.c.objc; path = DWAppDelegate.m; sourceTree = "<group>"; };
		C982866B188A7BD90041949F /* Base */ = {isa = PBXFileReference; lastKnownFileType = file.storyboard; name = Base; path = Base.lproj/Main_iPhone.storyboard; sourceTree = "<group>"; };
		C982866E188A7BD90041949F /* Base */ = {isa = PBXFileReference; lastKnownFileType = file.storyboard; name = Base; path = Base.lproj/Main_iPad.storyboard; sourceTree = "<group>"; };
		C9828670188A7BD90041949F /* DWViewController.h */ = {isa = PBXFileReference; lastKnownFileType = sourcecode.c.h; path = DWViewController.h; sourceTree = "<group>"; };
		C9828671188A7BD90041949F /* DWViewController.m */ = {isa = PBXFileReference; lastKnownFileType = sourcecode.c.objc; path = DWViewController.m; sourceTree = "<group>"; };
		C9828673188A7BD90041949F /* DWLoadingScene.h */ = {isa = PBXFileReference; lastKnownFileType = sourcecode.c.h; path = DWLoadingScene.h; sourceTree = "<group>"; };
		C9828674188A7BD90041949F /* DWLoadingScene.m */ = {isa = PBXFileReference; lastKnownFileType = sourcecode.c.objc; path = DWLoadingScene.m; sourceTree = "<group>"; };
		C9828678188A7BD90041949F /* Images.xcassets */ = {isa = PBXFileReference; lastKnownFileType = folder.assetcatalog; path = Images.xcassets; sourceTree = "<group>"; };
		C982867E188A7BD90041949F /* EscapeTests.xctest */ = {isa = PBXFileReference; explicitFileType = wrapper.cfbundle; includeInIndex = 0; path = EscapeTests.xctest; sourceTree = BUILT_PRODUCTS_DIR; };
		C982867F188A7BD90041949F /* XCTest.framework */ = {isa = PBXFileReference; lastKnownFileType = wrapper.framework; name = XCTest.framework; path = Library/Frameworks/XCTest.framework; sourceTree = DEVELOPER_DIR; };
		C9828687188A7BD90041949F /* EscapeTests-Info.plist */ = {isa = PBXFileReference; lastKnownFileType = text.plist.xml; path = "EscapeTests-Info.plist"; sourceTree = "<group>"; };
		C9828689188A7BD90041949F /* en */ = {isa = PBXFileReference; lastKnownFileType = text.plist.strings; name = en; path = en.lproj/InfoPlist.strings; sourceTree = "<group>"; };
		C982868B188A7BD90041949F /* EscapeTests.m */ = {isa = PBXFileReference; lastKnownFileType = sourcecode.c.objc; path = EscapeTests.m; sourceTree = "<group>"; };
		C982869B188A7CAF0041949F /* role_doctor@2x.png */ = {isa = PBXFileReference; lastKnownFileType = image.png; path = "role_doctor@2x.png"; sourceTree = "<group>"; };
		C982869D188A7CD20041949F /* role_alien_1@2x.png */ = {isa = PBXFileReference; lastKnownFileType = image.png; path = "role_alien_1@2x.png"; sourceTree = "<group>"; };
		C98286A1188A7D9A0041949F /* role_alien_2@2x.png */ = {isa = PBXFileReference; lastKnownFileType = image.png; path = "role_alien_2@2x.png"; sourceTree = "<group>"; };
		D0A65CFC188CDB3100D5AC8D /* TileMapParser.h */ = {isa = PBXFileReference; fileEncoding = 4; lastKnownFileType = sourcecode.c.h; path = TileMapParser.h; sourceTree = "<group>"; };
		D0A65CFD188CDB3100D5AC8D /* TileMapParser.m */ = {isa = PBXFileReference; fileEncoding = 4; lastKnownFileType = sourcecode.c.objc; path = TileMapParser.m; sourceTree = "<group>"; };
		D0A65D1A188D051100D5AC8D /* Mapload Tests.xctest */ = {isa = PBXFileReference; explicitFileType = wrapper.cfbundle; includeInIndex = 0; path = "Mapload Tests.xctest"; sourceTree = BUILT_PRODUCTS_DIR; };
		D0A65D20188D051200D5AC8D /* Mapload Tests-Info.plist */ = {isa = PBXFileReference; lastKnownFileType = text.plist.xml; path = "Mapload Tests-Info.plist"; sourceTree = "<group>"; };
		D0A65D22188D051200D5AC8D /* en */ = {isa = PBXFileReference; lastKnownFileType = text.plist.strings; name = en; path = en.lproj/InfoPlist.strings; sourceTree = "<group>"; };
		D0A65D24188D051200D5AC8D /* Mapload_Tests.m */ = {isa = PBXFileReference; lastKnownFileType = sourcecode.c.objc; path = Mapload_Tests.m; sourceTree = "<group>"; };
		D0A65D26188D051200D5AC8D /* Mapload Tests-Prefix.pch */ = {isa = PBXFileReference; lastKnownFileType = sourcecode.c.h; path = "Mapload Tests-Prefix.pch"; sourceTree = "<group>"; };
		D0EE9B7A188BD99F00A72AE8 /* test.tmx */ = {isa = PBXFileReference; fileEncoding = 4; lastKnownFileType = text.xml; name = test.tmx; path = maps/test.tmx; sourceTree = "<group>"; };
		D0EE9B7C188BD99F00A72AE8 /* testtile.png */ = {isa = PBXFileReference; lastKnownFileType = image.png; path = testtile.png; sourceTree = "<group>"; };
		D0EE9B85188C021100A72AE8 /* TiledMap.h */ = {isa = PBXFileReference; fileEncoding = 4; lastKnownFileType = sourcecode.c.h; path = TiledMap.h; sourceTree = "<group>"; };
		D0EE9B86188C021100A72AE8 /* TiledMap.m */ = {isa = PBXFileReference; fileEncoding = 4; lastKnownFileType = sourcecode.c.objc; path = TiledMap.m; sourceTree = "<group>"; };
/* End PBXFileReference section */

/* Begin PBXFrameworksBuildPhase section */
		C9828650188A7BD90041949F /* Frameworks */ = {
			isa = PBXFrameworksBuildPhase;
			buildActionMask = 2147483647;
			files = (
				C9828659188A7BD90041949F /* CoreGraphics.framework in Frameworks */,
				C982865B188A7BD90041949F /* UIKit.framework in Frameworks */,
				C982865D188A7BD90041949F /* SpriteKit.framework in Frameworks */,
				C9828657188A7BD90041949F /* Foundation.framework in Frameworks */,
			);
			runOnlyForDeploymentPostprocessing = 0;
		};
		C982867B188A7BD90041949F /* Frameworks */ = {
			isa = PBXFrameworksBuildPhase;
			buildActionMask = 2147483647;
			files = (
				C9828680188A7BD90041949F /* XCTest.framework in Frameworks */,
				C9828682188A7BD90041949F /* UIKit.framework in Frameworks */,
				C9828681188A7BD90041949F /* Foundation.framework in Frameworks */,
			);
			runOnlyForDeploymentPostprocessing = 0;
		};
		D0A65D17188D051100D5AC8D /* Frameworks */ = {
			isa = PBXFrameworksBuildPhase;
			buildActionMask = 2147483647;
			files = (
				D0A65D1B188D051100D5AC8D /* XCTest.framework in Frameworks */,
				D0A65D1D188D051100D5AC8D /* UIKit.framework in Frameworks */,
				D0A65D1C188D051100D5AC8D /* Foundation.framework in Frameworks */,
			);
			runOnlyForDeploymentPostprocessing = 0;
		};
/* End PBXFrameworksBuildPhase section */

/* Begin PBXGroup section */
		C982864A188A7BD90041949F = {
			isa = PBXGroup;
			children = (
				C982865E188A7BD90041949F /* Escape */,
				C9828685188A7BD90041949F /* EscapeTests */,
				D0A65D1E188D051100D5AC8D /* Mapload Tests */,
				C9828655188A7BD90041949F /* Frameworks */,
				C9828654188A7BD90041949F /* Products */,
			);
			sourceTree = "<group>";
		};
		C9828654188A7BD90041949F /* Products */ = {
			isa = PBXGroup;
			children = (
				C9828653188A7BD90041949F /* Escape.app */,
				C982867E188A7BD90041949F /* EscapeTests.xctest */,
				D0A65D1A188D051100D5AC8D /* Mapload Tests.xctest */,
			);
			name = Products;
			sourceTree = "<group>";
		};
		C9828655188A7BD90041949F /* Frameworks */ = {
			isa = PBXGroup;
			children = (
				C9828656188A7BD90041949F /* Foundation.framework */,
				C9828658188A7BD90041949F /* CoreGraphics.framework */,
				C982865A188A7BD90041949F /* UIKit.framework */,
				C982865C188A7BD90041949F /* SpriteKit.framework */,
				C982867F188A7BD90041949F /* XCTest.framework */,
			);
			name = Frameworks;
			sourceTree = "<group>";
		};
		C982865E188A7BD90041949F /* Escape */ = {
			isa = PBXGroup;
			children = (
				D0EE9B79188BD99F00A72AE8 /* maps */,
				C982869F188A7D020041949F /* Scene */,
				C98286A0188A7D130041949F /* App */,
				C982865F188A7BD90041949F /* Supporting Files */,
			);
			path = Escape;
			sourceTree = "<group>";
		};
		C982865F188A7BD90041949F /* Supporting Files */ = {
			isa = PBXGroup;
			children = (
				C982866A188A7BD90041949F /* Main_iPhone.storyboard */,
				C982866D188A7BD90041949F /* Main_iPad.storyboard */,
				C9828678188A7BD90041949F /* Images.xcassets */,
				D0EE9B7B188BD99F00A72AE8 /* tiles */,
				D0A65D2D188D478B00D5AC8D /* maps */,
				C9828699188A7C5A0041949F /* Images */,
				C982869A188A7C5A0041949F /* Sounds */,
				C9828660188A7BD90041949F /* Escape-Info.plist */,
				C9828661188A7BD90041949F /* InfoPlist.strings */,
				C9828664188A7BD90041949F /* main.m */,
				C9828666188A7BD90041949F /* Escape-Prefix.pch */,
			);
			name = "Supporting Files";
			sourceTree = "<group>";
		};
		C9828685188A7BD90041949F /* EscapeTests */ = {
			isa = PBXGroup;
			children = (
				C982868B188A7BD90041949F /* EscapeTests.m */,
				C9828686188A7BD90041949F /* Supporting Files */,
			);
			path = EscapeTests;
			sourceTree = "<group>";
		};
		C9828686188A7BD90041949F /* Supporting Files */ = {
			isa = PBXGroup;
			children = (
				C9828687188A7BD90041949F /* EscapeTests-Info.plist */,
				C9828688188A7BD90041949F /* InfoPlist.strings */,
			);
			name = "Supporting Files";
			sourceTree = "<group>";
		};
		C9828699188A7C5A0041949F /* Images */ = {
			isa = PBXGroup;
			children = (
				C98286A1188A7D9A0041949F /* role_alien_2@2x.png */,
				C982869D188A7CD20041949F /* role_alien_1@2x.png */,
				C982869B188A7CAF0041949F /* role_doctor@2x.png */,
			);
			path = Images;
			sourceTree = "<group>";
		};
		C982869A188A7C5A0041949F /* Sounds */ = {
			isa = PBXGroup;
			children = (
			);
			path = Sounds;
			sourceTree = "<group>";
		};
		C982869F188A7D020041949F /* Scene */ = {
			isa = PBXGroup;
			children = (
				C9828673188A7BD90041949F /* DWLoadingScene.h */,
				C9828674188A7BD90041949F /* DWLoadingScene.m */,
			);
			name = Scene;
			sourceTree = "<group>";
		};
		C98286A0188A7D130041949F /* App */ = {
			isa = PBXGroup;
			children = (
				C9828667188A7BD90041949F /* DWAppDelegate.h */,
				C9828668188A7BD90041949F /* DWAppDelegate.m */,
				C9828670188A7BD90041949F /* DWViewController.h */,
				C9828671188A7BD90041949F /* DWViewController.m */,
			);
			name = App;
			sourceTree = "<group>";
		};
		D0A65D1E188D051100D5AC8D /* Mapload Tests */ = {
			isa = PBXGroup;
			children = (
				D0A65D24188D051200D5AC8D /* Mapload_Tests.m */,
				D0A65D1F188D051200D5AC8D /* Supporting Files */,
			);
			path = "Mapload Tests";
			sourceTree = "<group>";
		};
		D0A65D1F188D051200D5AC8D /* Supporting Files */ = {
			isa = PBXGroup;
			children = (
				D0A65D20188D051200D5AC8D /* Mapload Tests-Info.plist */,
				D0A65D21188D051200D5AC8D /* InfoPlist.strings */,
				D0A65D26188D051200D5AC8D /* Mapload Tests-Prefix.pch */,
			);
			name = "Supporting Files";
			sourceTree = "<group>";
		};
		D0A65D2D188D478B00D5AC8D /* maps */ = {
			isa = PBXGroup;
			children = (
				D0EE9B7A188BD99F00A72AE8 /* test.tmx */,
			);
			name = maps;
			sourceTree = "<group>";
		};
		D0EE9B79188BD99F00A72AE8 /* maps */ = {
			isa = PBXGroup;
			children = (
				D0A65CFC188CDB3100D5AC8D /* TileMapParser.h */,
				D0A65CFD188CDB3100D5AC8D /* TileMapParser.m */,
				D0EE9B85188C021100A72AE8 /* TiledMap.h */,
				D0EE9B86188C021100A72AE8 /* TiledMap.m */,
			);
			path = maps;
			sourceTree = "<group>";
		};
		D0EE9B7B188BD99F00A72AE8 /* tiles */ = {
			isa = PBXGroup;
			children = (
				D0EE9B7C188BD99F00A72AE8 /* testtile.png */,
			);
			path = tiles;
			sourceTree = "<group>";
		};
/* End PBXGroup section */

/* Begin PBXNativeTarget section */
		C9828652188A7BD90041949F /* Escape */ = {
			isa = PBXNativeTarget;
			buildConfigurationList = C982868F188A7BD90041949F /* Build configuration list for PBXNativeTarget "Escape" */;
			buildPhases = (
				C982864F188A7BD90041949F /* Sources */,
				C9828650188A7BD90041949F /* Frameworks */,
				C9828651188A7BD90041949F /* Resources */,
			);
			buildRules = (
			);
			dependencies = (
			);
			name = Escape;
			productName = Escape;
			productReference = C9828653188A7BD90041949F /* Escape.app */;
			productType = "com.apple.product-type.application";
		};
		C982867D188A7BD90041949F /* EscapeTests */ = {
			isa = PBXNativeTarget;
			buildConfigurationList = C9828692188A7BD90041949F /* Build configuration list for PBXNativeTarget "EscapeTests" */;
			buildPhases = (
				C982867A188A7BD90041949F /* Sources */,
				C982867B188A7BD90041949F /* Frameworks */,
				C982867C188A7BD90041949F /* Resources */,
			);
			buildRules = (
			);
			dependencies = (
				C9828684188A7BD90041949F /* PBXTargetDependency */,
			);
			name = EscapeTests;
			productName = EscapeTests;
			productReference = C982867E188A7BD90041949F /* EscapeTests.xctest */;
			productType = "com.apple.product-type.bundle.unit-test";
		};
		D0A65D19188D051100D5AC8D /* Mapload Tests */ = {
			isa = PBXNativeTarget;
			buildConfigurationList = D0A65D2B188D051200D5AC8D /* Build configuration list for PBXNativeTarget "Mapload Tests" */;
			buildPhases = (
				D0A65D16188D051100D5AC8D /* Sources */,
				D0A65D17188D051100D5AC8D /* Frameworks */,
				D0A65D18188D051100D5AC8D /* Resources */,
			);
			buildRules = (
			);
			dependencies = (
				D0A65D28188D051200D5AC8D /* PBXTargetDependency */,
			);
			name = "Mapload Tests";
			productName = "Mapload Tests";
			productReference = D0A65D1A188D051100D5AC8D /* Mapload Tests.xctest */;
			productType = "com.apple.product-type.bundle.unit-test";
		};
/* End PBXNativeTarget section */

/* Begin PBXProject section */
		C982864B188A7BD90041949F /* Project object */ = {
			isa = PBXProject;
			attributes = {
				CLASSPREFIX = DW;
				LastUpgradeCheck = 0500;
				ORGANIZATIONNAME = dodo;
				TargetAttributes = {
					C982867D188A7BD90041949F = {
						TestTargetID = C9828652188A7BD90041949F;
					};
					D0A65D19188D051100D5AC8D = {
						TestTargetID = C9828652188A7BD90041949F;
					};
				};
			};
			buildConfigurationList = C982864E188A7BD90041949F /* Build configuration list for PBXProject "Escape" */;
			compatibilityVersion = "Xcode 3.2";
			developmentRegion = English;
			hasScannedForEncodings = 0;
			knownRegions = (
				en,
				Base,
			);
			mainGroup = C982864A188A7BD90041949F;
			productRefGroup = C9828654188A7BD90041949F /* Products */;
			projectDirPath = "";
			projectRoot = "";
			targets = (
				C9828652188A7BD90041949F /* Escape */,
				C982867D188A7BD90041949F /* EscapeTests */,
				D0A65D19188D051100D5AC8D /* Mapload Tests */,
			);
		};
/* End PBXProject section */

/* Begin PBXResourcesBuildPhase section */
		C9828651188A7BD90041949F /* Resources */ = {
			isa = PBXResourcesBuildPhase;
			buildActionMask = 2147483647;
			files = (
				C982869C188A7CAF0041949F /* role_doctor@2x.png in Resources */,
				D0EE9B7F188BD99F00A72AE8 /* testtile.png in Resources */,
				C9828679188A7BD90041949F /* Images.xcassets in Resources */,
				C982866F188A7BD90041949F /* Main_iPad.storyboard in Resources */,
				C982866C188A7BD90041949F /* Main_iPhone.storyboard in Resources */,
				C98286A2188A7D9A0041949F /* role_alien_2@2x.png in Resources */,
				C982869E188A7CD20041949F /* role_alien_1@2x.png in Resources */,
				C9828663188A7BD90041949F /* InfoPlist.strings in Resources */,
				D0EE9B7D188BD99F00A72AE8 /* test.tmx in Resources */,
			);
			runOnlyForDeploymentPostprocessing = 0;
		};
		C982867C188A7BD90041949F /* Resources */ = {
			isa = PBXResourcesBuildPhase;
			buildActionMask = 2147483647;
			files = (
				C982868A188A7BD90041949F /* InfoPlist.strings in Resources */,
				D0EE9B80188BD99F00A72AE8 /* testtile.png in Resources */,
				D0EE9B7E188BD99F00A72AE8 /* test.tmx in Resources */,
			);
			runOnlyForDeploymentPostprocessing = 0;
		};
		D0A65D18188D051100D5AC8D /* Resources */ = {
			isa = PBXResourcesBuildPhase;
			buildActionMask = 2147483647;
			files = (
				D0A65D2F188D521B00D5AC8D /* testtile.png in Resources */,
				D0A65D2E188D51FF00D5AC8D /* test.tmx in Resources */,
				D0A65D23188D051200D5AC8D /* InfoPlist.strings in Resources */,
			);
			runOnlyForDeploymentPostprocessing = 0;
		};
/* End PBXResourcesBuildPhase section */

/* Begin PBXSourcesBuildPhase section */
		C982864F188A7BD90041949F /* Sources */ = {
			isa = PBXSourcesBuildPhase;
			buildActionMask = 2147483647;
			files = (
				C9828665188A7BD90041949F /* main.m in Sources */,
				D0A65CFE188CDB3100D5AC8D /* TileMapParser.m in Sources */,
				C9828675188A7BD90041949F /* DWLoadingScene.m in Sources */,
				D0EE9B87188C021100A72AE8 /* TiledMap.m in Sources */,
				C9828672188A7BD90041949F /* DWViewController.m in Sources */,
				C9828669188A7BD90041949F /* DWAppDelegate.m in Sources */,
			);
			runOnlyForDeploymentPostprocessing = 0;
		};
		C982867A188A7BD90041949F /* Sources */ = {
			isa = PBXSourcesBuildPhase;
			buildActionMask = 2147483647;
			files = (
				C982868C188A7BD90041949F /* EscapeTests.m in Sources */,
				D0A65CFF188CDB3100D5AC8D /* TileMapParser.m in Sources */,
				D0EE9B88188C021100A72AE8 /* TiledMap.m in Sources */,
			);
			runOnlyForDeploymentPostprocessing = 0;
		};
		D0A65D16188D051100D5AC8D /* Sources */ = {
			isa = PBXSourcesBuildPhase;
			buildActionMask = 2147483647;
			files = (
				D0A65D25188D051200D5AC8D /* Mapload_Tests.m in Sources */,
			);
			runOnlyForDeploymentPostprocessing = 0;
		};
/* End PBXSourcesBuildPhase section */

/* Begin PBXTargetDependency section */
		C9828684188A7BD90041949F /* PBXTargetDependency */ = {
			isa = PBXTargetDependency;
			target = C9828652188A7BD90041949F /* Escape */;
			targetProxy = C9828683188A7BD90041949F /* PBXContainerItemProxy */;
		};
		D0A65D28188D051200D5AC8D /* PBXTargetDependency */ = {
			isa = PBXTargetDependency;
			target = C9828652188A7BD90041949F /* Escape */;
			targetProxy = D0A65D27188D051200D5AC8D /* PBXContainerItemProxy */;
		};
/* End PBXTargetDependency section */

/* Begin PBXVariantGroup section */
		C9828661188A7BD90041949F /* InfoPlist.strings */ = {
			isa = PBXVariantGroup;
			children = (
				C9828662188A7BD90041949F /* en */,
			);
			name = InfoPlist.strings;
			sourceTree = "<group>";
		};
		C982866A188A7BD90041949F /* Main_iPhone.storyboard */ = {
			isa = PBXVariantGroup;
			children = (
				C982866B188A7BD90041949F /* Base */,
			);
			name = Main_iPhone.storyboard;
			sourceTree = "<group>";
		};
		C982866D188A7BD90041949F /* Main_iPad.storyboard */ = {
			isa = PBXVariantGroup;
			children = (
				C982866E188A7BD90041949F /* Base */,
			);
			name = Main_iPad.storyboard;
			sourceTree = "<group>";
		};
		C9828688188A7BD90041949F /* InfoPlist.strings */ = {
			isa = PBXVariantGroup;
			children = (
				C9828689188A7BD90041949F /* en */,
			);
			name = InfoPlist.strings;
			sourceTree = "<group>";
		};
		D0A65D21188D051200D5AC8D /* InfoPlist.strings */ = {
			isa = PBXVariantGroup;
			children = (
				D0A65D22188D051200D5AC8D /* en */,
			);
			name = InfoPlist.strings;
			sourceTree = "<group>";
		};
/* End PBXVariantGroup section */

/* Begin XCBuildConfiguration section */
		C982868D188A7BD90041949F /* Debug */ = {
			isa = XCBuildConfiguration;
			buildSettings = {
				ALWAYS_SEARCH_USER_PATHS = NO;
				ARCHS = "$(ARCHS_STANDARD_INCLUDING_64_BIT)";
				CLANG_CXX_LANGUAGE_STANDARD = "gnu++0x";
				CLANG_CXX_LIBRARY = "libc++";
				CLANG_ENABLE_MODULES = YES;
				CLANG_ENABLE_OBJC_ARC = YES;
				CLANG_WARN_BOOL_CONVERSION = YES;
				CLANG_WARN_CONSTANT_CONVERSION = YES;
				CLANG_WARN_DIRECT_OBJC_ISA_USAGE = YES_ERROR;
				CLANG_WARN_EMPTY_BODY = YES;
				CLANG_WARN_ENUM_CONVERSION = YES;
				CLANG_WARN_INT_CONVERSION = YES;
				CLANG_WARN_OBJC_ROOT_CLASS = YES_ERROR;
				CLANG_WARN__DUPLICATE_METHOD_MATCH = YES;
				"CODE_SIGN_IDENTITY[sdk=iphoneos*]" = "iPhone Developer";
				COPY_PHASE_STRIP = NO;
				GCC_C_LANGUAGE_STANDARD = gnu99;
				GCC_DYNAMIC_NO_PIC = NO;
				GCC_OPTIMIZATION_LEVEL = 0;
				GCC_PREPROCESSOR_DEFINITIONS = (
					"DEBUG=1",
					"$(inherited)",
				);
				GCC_SYMBOLS_PRIVATE_EXTERN = NO;
				GCC_WARN_64_TO_32_BIT_CONVERSION = YES;
				GCC_WARN_ABOUT_RETURN_TYPE = YES_ERROR;
				GCC_WARN_UNDECLARED_SELECTOR = YES;
				GCC_WARN_UNINITIALIZED_AUTOS = YES;
				GCC_WARN_UNUSED_FUNCTION = YES;
				GCC_WARN_UNUSED_VARIABLE = YES;
				IPHONEOS_DEPLOYMENT_TARGET = 7.0;
				ONLY_ACTIVE_ARCH = YES;
				SDKROOT = iphoneos;
				TARGETED_DEVICE_FAMILY = "1,2";
			};
			name = Debug;
		};
		C982868E188A7BD90041949F /* Release */ = {
			isa = XCBuildConfiguration;
			buildSettings = {
				ALWAYS_SEARCH_USER_PATHS = NO;
				ARCHS = "$(ARCHS_STANDARD_INCLUDING_64_BIT)";
				CLANG_CXX_LANGUAGE_STANDARD = "gnu++0x";
				CLANG_CXX_LIBRARY = "libc++";
				CLANG_ENABLE_MODULES = YES;
				CLANG_ENABLE_OBJC_ARC = YES;
				CLANG_WARN_BOOL_CONVERSION = YES;
				CLANG_WARN_CONSTANT_CONVERSION = YES;
				CLANG_WARN_DIRECT_OBJC_ISA_USAGE = YES_ERROR;
				CLANG_WARN_EMPTY_BODY = YES;
				CLANG_WARN_ENUM_CONVERSION = YES;
				CLANG_WARN_INT_CONVERSION = YES;
				CLANG_WARN_OBJC_ROOT_CLASS = YES_ERROR;
				CLANG_WARN__DUPLICATE_METHOD_MATCH = YES;
				"CODE_SIGN_IDENTITY[sdk=iphoneos*]" = "iPhone Developer";
				COPY_PHASE_STRIP = YES;
				ENABLE_NS_ASSERTIONS = NO;
				GCC_C_LANGUAGE_STANDARD = gnu99;
				GCC_WARN_64_TO_32_BIT_CONVERSION = YES;
				GCC_WARN_ABOUT_RETURN_TYPE = YES_ERROR;
				GCC_WARN_UNDECLARED_SELECTOR = YES;
				GCC_WARN_UNINITIALIZED_AUTOS = YES;
				GCC_WARN_UNUSED_FUNCTION = YES;
				GCC_WARN_UNUSED_VARIABLE = YES;
				IPHONEOS_DEPLOYMENT_TARGET = 7.0;
				SDKROOT = iphoneos;
				TARGETED_DEVICE_FAMILY = "1,2";
				VALIDATE_PRODUCT = YES;
			};
			name = Release;
		};
		C9828690188A7BD90041949F /* Debug */ = {
			isa = XCBuildConfiguration;
			buildSettings = {
				ASSETCATALOG_COMPILER_APPICON_NAME = AppIcon;
				ASSETCATALOG_COMPILER_LAUNCHIMAGE_NAME = LaunchImage;
				GCC_PRECOMPILE_PREFIX_HEADER = YES;
				GCC_PREFIX_HEADER = "Escape/Escape-Prefix.pch";
				INFOPLIST_FILE = "Escape/Escape-Info.plist";
				PRODUCT_NAME = "$(TARGET_NAME)";
				SPRITEKIT_TEXTURE_ATLAS_OUTPUT = YES;
				WRAPPER_EXTENSION = app;
			};
			name = Debug;
		};
		C9828691188A7BD90041949F /* Release */ = {
			isa = XCBuildConfiguration;
			buildSettings = {
				ASSETCATALOG_COMPILER_APPICON_NAME = AppIcon;
				ASSETCATALOG_COMPILER_LAUNCHIMAGE_NAME = LaunchImage;
				GCC_PRECOMPILE_PREFIX_HEADER = YES;
				GCC_PREFIX_HEADER = "Escape/Escape-Prefix.pch";
				INFOPLIST_FILE = "Escape/Escape-Info.plist";
				PRODUCT_NAME = "$(TARGET_NAME)";
				SPRITEKIT_TEXTURE_ATLAS_OUTPUT = YES;
				WRAPPER_EXTENSION = app;
			};
			name = Release;
		};
		C9828693188A7BD90041949F /* Debug */ = {
			isa = XCBuildConfiguration;
			buildSettings = {
				ARCHS = "$(ARCHS_STANDARD_INCLUDING_64_BIT)";
				BUNDLE_LOADER = "$(BUILT_PRODUCTS_DIR)/Escape.app/Escape";
				FRAMEWORK_SEARCH_PATHS = (
					"$(SDKROOT)/Developer/Library/Frameworks",
					"$(inherited)",
					"$(DEVELOPER_FRAMEWORKS_DIR)",
				);
				GCC_PRECOMPILE_PREFIX_HEADER = YES;
				GCC_PREFIX_HEADER = "Escape/Escape-Prefix.pch";
				GCC_PREPROCESSOR_DEFINITIONS = (
					"DEBUG=1",
					"$(inherited)",
				);
				INFOPLIST_FILE = "EscapeTests/EscapeTests-Info.plist";
				PRODUCT_NAME = "$(TARGET_NAME)";
				TEST_HOST = "$(BUNDLE_LOADER)";
				WRAPPER_EXTENSION = xctest;
			};
			name = Debug;
		};
		C9828694188A7BD90041949F /* Release */ = {
			isa = XCBuildConfiguration;
			buildSettings = {
				ARCHS = "$(ARCHS_STANDARD_INCLUDING_64_BIT)";
				BUNDLE_LOADER = "$(BUILT_PRODUCTS_DIR)/Escape.app/Escape";
				FRAMEWORK_SEARCH_PATHS = (
					"$(SDKROOT)/Developer/Library/Frameworks",
					"$(inherited)",
					"$(DEVELOPER_FRAMEWORKS_DIR)",
				);
				GCC_PRECOMPILE_PREFIX_HEADER = YES;
				GCC_PREFIX_HEADER = "Escape/Escape-Prefix.pch";
				INFOPLIST_FILE = "EscapeTests/EscapeTests-Info.plist";
				PRODUCT_NAME = "$(TARGET_NAME)";
				TEST_HOST = "$(BUNDLE_LOADER)";
				WRAPPER_EXTENSION = xctest;
			};
			name = Release;
		};
		D0A65D29188D051200D5AC8D /* Debug */ = {
			isa = XCBuildConfiguration;
			buildSettings = {
				ARCHS = "$(ARCHS_STANDARD_INCLUDING_64_BIT)";
				BUNDLE_LOADER = "$(BUILT_PRODUCTS_DIR)/Escape.app/Escape";
				FRAMEWORK_SEARCH_PATHS = (
					"$(SDKROOT)/Developer/Library/Frameworks",
					"$(inherited)",
					"$(DEVELOPER_FRAMEWORKS_DIR)",
				);
				GCC_PRECOMPILE_PREFIX_HEADER = YES;
				GCC_PREFIX_HEADER = "Mapload Tests/Mapload Tests-Prefix.pch";
				GCC_PREPROCESSOR_DEFINITIONS = (
					"DEBUG=1",
					"$(inherited)",
				);
				INFOPLIST_FILE = "Mapload Tests/Mapload Tests-Info.plist";
				PRODUCT_NAME = "$(TARGET_NAME)";
				TEST_HOST = "$(BUNDLE_LOADER)";
				WRAPPER_EXTENSION = xctest;
			};
			name = Debug;
		};
		D0A65D2A188D051200D5AC8D /* Release */ = {
			isa = XCBuildConfiguration;
			buildSettings = {
				ARCHS = "$(ARCHS_STANDARD_INCLUDING_64_BIT)";
				BUNDLE_LOADER = "$(BUILT_PRODUCTS_DIR)/Escape.app/Escape";
				FRAMEWORK_SEARCH_PATHS = (
					"$(SDKROOT)/Developer/Library/Frameworks",
					"$(inherited)",
					"$(DEVELOPER_FRAMEWORKS_DIR)",
				);
				GCC_PRECOMPILE_PREFIX_HEADER = YES;
				GCC_PREFIX_HEADER = "Mapload Tests/Mapload Tests-Prefix.pch";
				INFOPLIST_FILE = "Mapload Tests/Mapload Tests-Info.plist";
				PRODUCT_NAME = "$(TARGET_NAME)";
				TEST_HOST = "$(BUNDLE_LOADER)";
				WRAPPER_EXTENSION = xctest;
			};
			name = Release;
		};
/* End XCBuildConfiguration section */

/* Begin XCConfigurationList section */
		C982864E188A7BD90041949F /* Build configuration list for PBXProject "Escape" */ = {
			isa = XCConfigurationList;
			buildConfigurations = (
				C982868D188A7BD90041949F /* Debug */,
				C982868E188A7BD90041949F /* Release */,
			);
			defaultConfigurationIsVisible = 0;
			defaultConfigurationName = Release;
		};
		C982868F188A7BD90041949F /* Build configuration list for PBXNativeTarget "Escape" */ = {
			isa = XCConfigurationList;
			buildConfigurations = (
				C9828690188A7BD90041949F /* Debug */,
				C9828691188A7BD90041949F /* Release */,
			);
			defaultConfigurationIsVisible = 0;
			defaultConfigurationName = Release;
		};
		C9828692188A7BD90041949F /* Build configuration list for PBXNativeTarget "EscapeTests" */ = {
			isa = XCConfigurationList;
			buildConfigurations = (
				C9828693188A7BD90041949F /* Debug */,
				C9828694188A7BD90041949F /* Release */,
			);
			defaultConfigurationIsVisible = 0;
			defaultConfigurationName = Release;
		};
		D0A65D2B188D051200D5AC8D /* Build configuration list for PBXNativeTarget "Mapload Tests" */ = {
			isa = XCConfigurationList;
			buildConfigurations = (
				D0A65D29188D051200D5AC8D /* Debug */,
				D0A65D2A188D051200D5AC8D /* Release */,
			);
			defaultConfigurationIsVisible = 0;
		};
/* End XCConfigurationList section */
	};
	rootObject = C982864B188A7BD90041949F /* Project object */;
}
